
Microsoft Visual Studio Solution File, Format Version 11.00
# Visual Studio 2010
Project("{2150E333-8FDC-42A3-9474-1A3956D46DE8}") = "Solution Items", "Solution Items", "{9BF7C0D5-3137-441E-9FA6-C3FC619209EC}"
	ProjectSection(SolutionItems) = preProject
		Local.testsettings = Local.testsettings
		Terracotta.Ehcache.vsmdi = Terracotta.Ehcache.vsmdi
		TraceAndTestImpact.testsettings = TraceAndTestImpact.testsettings
	EndProjectSection
EndProject
Project("{FAE04EC0-301F-11D3-BF4B-00C04F79EFBC}") = "AgileWallaby.Ehcache.Net4", "AgileWallaby.Ehcache\AgileWallaby.Ehcache.Net4.csproj", "{77790A66-4230-4330-AF9F-68E8DE70F13A}"
EndProject
Project("{FAE04EC0-301F-11D3-BF4B-00C04F79EFBC}") = "AgileWallaby.Ehcache.Net2", "AgileWallaby.Ehcache.Net2\AgileWallaby.Ehcache.Net2.csproj", "{CA2AC6DD-B7AC-47AF-87BC-3284BD194BDA}"
EndProject
Project("{FAE04EC0-301F-11D3-BF4B-00C04F79EFBC}") = "AgileWallaby.Ehcache.Test", "AgileWallaby.Ehcache.Test\AgileWallaby.Ehcache.Test.csproj", "{BF3BC2B6-949A-47B9-AF87-51C89A177943}"
EndProject
Project("{FAE04EC0-301F-11D3-BF4B-00C04F79EFBC}") = "AgileWallaby.Ehcache.Silverlight", "AgileWallaby.Ehcache.Silverlight\AgileWallaby.Ehcache.Silverlight.csproj", "{82559C3E-BF06-45F8-9ACC-91C7578B0719}"
EndProject
Global
	GlobalSection(TestCaseManagementSettings) = postSolution
		CategoryFile = Terracotta.Ehcache.vsmdi
	EndGlobalSection
	GlobalSection(SolutionConfigurationPlatforms) = preSolution
		Debug|Any CPU = Debug|Any CPU
		Release|Any CPU = Release|Any CPU
	EndGlobalSection
	GlobalSection(ProjectConfigurationPlatforms) = postSolution
		{77790A66-4230-4330-AF9F-68E8DE70F13A}.Debug|Any CPU.ActiveCfg = Debug|Any CPU
		{77790A66-4230-4330-AF9F-68E8DE70F13A}.Debug|Any CPU.Build.0 = Debug|Any CPU
		{77790A66-4230-4330-AF9F-68E8DE70F13A}.Release|Any CPU.ActiveCfg = Release|Any CPU
		{77790A66-4230-4330-AF9F-68E8DE70F13A}.Release|Any CPU.Build.0 = Release|Any CPU
		{CA2AC6DD-B7AC-47AF-87BC-3284BD194BDA}.Debug|Any CPU.ActiveCfg = Debug|Any CPU
		{CA2AC6DD-B7AC-47AF-87BC-3284BD194BDA}.Debug|Any CPU.Build.0 = Debug|Any CPU
		{CA2AC6DD-B7AC-47AF-87BC-3284BD194BDA}.Release|Any CPU.ActiveCfg = Release|Any CPU
		{CA2AC6DD-B7AC-47AF-87BC-3284BD194BDA}.Release|Any CPU.Build.0 = Release|Any CPU
		{BF3BC2B6-949A-47B9-AF87-51C89A177943}.Debug|Any CPU.ActiveCfg = Debug|Any CPU
		{BF3BC2B6-949A-47B9-AF87-51C89A177943}.Debug|Any CPU.Build.0 = Debug|Any CPU
		{BF3BC2B6-949A-47B9-AF87-51C89A177943}.Release|Any CPU.ActiveCfg = Release|Any CPU
		{BF3BC2B6-949A-47B9-AF87-51C89A177943}.Release|Any CPU.Build.0 = Release|Any CPU
		{82559C3E-BF06-45F8-9ACC-91C7578B0719}.Debug|Any CPU.ActiveCfg = Debug|Any CPU
		{82559C3E-BF06-45F8-9ACC-91C7578B0719}.Debug|Any CPU.Build.0 = Debug|Any CPU
		{82559C3E-BF06-45F8-9ACC-91C7578B0719}.Release|Any CPU.ActiveCfg = Release|Any CPU
		{82559C3E-BF06-45F8-9ACC-91C7578B0719}.Release|Any CPU.Build.0 = Release|Any CPU
	EndGlobalSection
	GlobalSection(SolutionProperties) = preSolution
		HideSolutionNode = FALSE
	EndGlobalSection
EndGlobal
